<?xml version="1.0" encoding="utf-8"?> 
<Project ToolsVersion="4.0" xmlns="http://schemas.microsoft.com/developer/msbuild/2003">  <ItemGroup>
    <Filter Include="Private">
      <UniqueIdentifier>{hfko3rwr-at331-79pdi-96zt2-swgnr8fhapm9}</UniqueIdentifier>
    </Filter>
    <Filter Include="Private\Assets">
      <UniqueIdentifier>{y7sbahli-f3gl3-9ancy-plhus-z6ijygrr6awe}</UniqueIdentifier>
    </Filter>
    <Filter Include="Private\Containers">
      <UniqueIdentifier>{ifm72rm1-pmljm-6yic8-12mdk-b5rcinsffpk2}</UniqueIdentifier>
    </Filter>
    <Filter Include="Private\Core">
      <UniqueIdentifier>{cd4uozp6-8opub-7yr6p-esp1c-uro4j82679xp}</UniqueIdentifier>
    </Filter>
    <Filter Include="Private\Core\Input">
      <UniqueIdentifier>{xnjnubla-n060a-i16ru-4zcbr-b2zx58gz80eg}</UniqueIdentifier>
    </Filter>
    <Filter Include="Private\Misc">
      <UniqueIdentifier>{smlreuiu-3a08o-f1yb8-j1h6x-945a7j6n5etj}</UniqueIdentifier>
    </Filter>
    <Filter Include="Private\Renderer">
      <UniqueIdentifier>{c26d549s-951zg-scg4y-kiipf-031e2itwfajc}</UniqueIdentifier>
    </Filter>
    <Filter Include="Private\Renderer\Widgets">
      <UniqueIdentifier>{d3goutr6-56cm0-fjsok-yuewu-1xxtmljcr41j}</UniqueIdentifier>
    </Filter>
    <Filter Include="Private\Renderer\Widgets\Samples">
      <UniqueIdentifier>{laf7zbel-is0kz-1g2xm-sutpy-6fpa152xg2nz}</UniqueIdentifier>
    </Filter>
    <Filter Include="Private\Types">
      <UniqueIdentifier>{n3w3sh5k-5zh9r-8zi6l-62fc9-gz5lh3466b5m}</UniqueIdentifier>
    </Filter>
    <Filter Include="Public">
      <UniqueIdentifier>{9iraf6i2-zu3rx-4ibkx-p8i8u-l4swg2kulgnc}</UniqueIdentifier>
    </Filter>
    <Filter Include="Public\Assets">
      <UniqueIdentifier>{x148t2a4-7bwhj-es1e5-rylio-hliu5hnwhtfd}</UniqueIdentifier>
    </Filter>
    <Filter Include="Public\Containers">
      <UniqueIdentifier>{545unj2g-tgiml-6ha08-751y2-jjee2jadsyco}</UniqueIdentifier>
    </Filter>
    <Filter Include="Public\Core">
      <UniqueIdentifier>{w72wsst8-gf8m9-tya7g-sybhm-0j4tuu70h1uc}</UniqueIdentifier>
    </Filter>
    <Filter Include="Public\Core\Includes">
      <UniqueIdentifier>{14acxo7b-5xg8o-084jb-unf8g-86dkj6149wab}</UniqueIdentifier>
    </Filter>
    <Filter Include="Public\Core\Input">
      <UniqueIdentifier>{uukon1kl-msi95-nckyf-o1mbi-sywixbw44h25}</UniqueIdentifier>
    </Filter>
    <Filter Include="Public\Misc">
      <UniqueIdentifier>{5pbukado-b61dl-zxj70-2ds6o-t0gdx0fzb3hd}</UniqueIdentifier>
    </Filter>
    <Filter Include="Public\Renderer">
      <UniqueIdentifier>{astniys5-nfj1w-4ih3r-0jzxt-fooxkb2id47p}</UniqueIdentifier>
    </Filter>
    <Filter Include="Public\Renderer\Widgets">
      <UniqueIdentifier>{9btedf0e-tpi1k-71ma8-7g43l-7oczrpfophcu}</UniqueIdentifier>
    </Filter>
    <Filter Include="Public\Renderer\Widgets\Samples">
      <UniqueIdentifier>{rme5xgzc-jlxje-tnfk3-hh5s4-bc71unuyt1as}</UniqueIdentifier>
    </Filter>
    <Filter Include="Public\Types">
      <UniqueIdentifier>{tklelt4o-7n83f-u4sad-sr2id-djg4tcllj78t}</UniqueIdentifier>
    </Filter>
    <Filter Include="ThirdParty">
      <UniqueIdentifier>{3tono71z-rcmb6-ulb8j-kzi60-nbt2w5knpbh1}</UniqueIdentifier>
    </Filter>
    <Filter Include="ThirdParty\SDL">
      <UniqueIdentifier>{ghhz4xso-uzdls-z0w68-f0amc-k31ktadojp4x}</UniqueIdentifier>
    </Filter>
  </ItemGroup>
  <ItemGroup>
    <ClInclude Include="Source\Public\Assets\AssetsManager.h">
      <Filter>Public\Assets</Filter>
    </ClInclude>
    <ClInclude Include="Source\Public\Assets\Font.h">
      <Filter>Public\Assets</Filter>
    </ClInclude>
    <ClInclude Include="Source\Public\Assets\Texture.h">
      <Filter>Public\Assets</Filter>
    </ClInclude>
    <ClInclude Include="Source\Public\Containers\Array.h">
      <Filter>Public\Containers</Filter>
    </ClInclude>
    <ClInclude Include="Source\Public\Containers\ContainerBase.h">
      <Filter>Public\Containers</Filter>
    </ClInclude>
    <ClInclude Include="Source\Public\Containers\Deque.h">
      <Filter>Public\Containers</Filter>
    </ClInclude>
    <ClInclude Include="Source\Public\Containers\Map.h">
      <Filter>Public\Containers</Filter>
    </ClInclude>
    <ClInclude Include="Source\Public\Containers\QueueSafe.h">
      <Filter>Public\Containers</Filter>
    </ClInclude>
    <ClInclude Include="Source\Public\Core\CoreEngine.h">
      <Filter>Public\Core</Filter>
    </ClInclude>
    <ClInclude Include="Source\Public\Core\CoreMinimal.h">
      <Filter>Public\Core</Filter>
    </ClInclude>
    <ClInclude Include="Source\Public\Core\Engine.h">
      <Filter>Public\Core</Filter>
    </ClInclude>
    <ClInclude Include="Source\Public\Core\EngineMain.h">
      <Filter>Public\Core</Filter>
    </ClInclude>
    <ClInclude Include="Source\Public\Core\EngineRender.h">
      <Filter>Public\Core</Filter>
    </ClInclude>
    <ClInclude Include="Source\Public\Core\Includes\EngineMacros.h">
      <Filter>Public\Core\Includes</Filter>
    </ClInclude>
    <ClInclude Include="Source\Public\Core\Includes\ForwardEngineBase.h">
      <Filter>Public\Core\Includes</Filter>
    </ClInclude>
    <ClInclude Include="Source\Public\Core\Includes\ForwardThirdParty.h">
      <Filter>Public\Core\Includes</Filter>
    </ClInclude>
    <ClInclude Include="Source\Public\Core\Includes\FullCppIncludes.h">
      <Filter>Public\Core\Includes</Filter>
    </ClInclude>
    <ClInclude Include="Source\Public\Core\Includes\FullEngineBase.h">
      <Filter>Public\Core\Includes</Filter>
    </ClInclude>
    <ClInclude Include="Source\Public\Core\Includes\FullThirdParty.h">
      <Filter>Public\Core\Includes</Filter>
    </ClInclude>
    <ClInclude Include="Source\Public\Core\Includes\Statics.h">
      <Filter>Public\Core\Includes</Filter>
    </ClInclude>
    <ClInclude Include="Source\Public\Core\Input\EventHandler.h">
      <Filter>Public\Core\Input</Filter>
    </ClInclude>
    <ClInclude Include="Source\Public\Core\Object.h">
      <Filter>Public\Core</Filter>
    </ClInclude>
    <ClInclude Include="Source\Public\Misc\Filesystem.h">
      <Filter>Public\Misc</Filter>
    </ClInclude>
    <ClInclude Include="Source\Public\Misc\Math.h">
      <Filter>Public\Misc</Filter>
    </ClInclude>
    <ClInclude Include="Source\Public\Misc\Util.h">
      <Filter>Public\Misc</Filter>
    </ClInclude>
    <ClInclude Include="Source\Public\Renderer\Renderer.h">
      <Filter>Public\Renderer</Filter>
    </ClInclude>
    <ClInclude Include="Source\Public\Renderer\Widgets\Samples\MouseSparkWidget.h">
      <Filter>Public\Renderer\Widgets\Samples</Filter>
    </ClInclude>
    <ClInclude Include="Source\Public\Renderer\Widgets\Widget.h">
      <Filter>Public\Renderer\Widgets</Filter>
    </ClInclude>
    <ClInclude Include="Source\Public\Renderer\Widgets\WidgetInteraction.h">
      <Filter>Public\Renderer\Widgets</Filter>
    </ClInclude>
    <ClInclude Include="Source\Public\Renderer\Widgets\WidgetManager.h">
      <Filter>Public\Renderer\Widgets</Filter>
    </ClInclude>
    <ClInclude Include="Source\Public\Renderer\Window.h">
      <Filter>Public\Renderer</Filter>
    </ClInclude>
    <ClInclude Include="Source\Public\Renderer\WindowAdvanced.h">
      <Filter>Public\Renderer</Filter>
    </ClInclude>
    <ClInclude Include="Source\Public\Types\ColorRGBA.h">
      <Filter>Public\Types</Filter>
    </ClInclude>
    <ClInclude Include="Source\Public\Types\Vector2D.h">
      <Filter>Public\Types</Filter>
    </ClInclude>
    <ClInclude Include="Source\ThirdParty\SDL\begin_code.h">
      <Filter>ThirdParty\SDL</Filter>
    </ClInclude>
    <ClInclude Include="Source\ThirdParty\SDL\close_code.h">
      <Filter>ThirdParty\SDL</Filter>
    </ClInclude>
    <ClInclude Include="Source\ThirdParty\SDL\SDL.h">
      <Filter>ThirdParty\SDL</Filter>
    </ClInclude>
    <ClInclude Include="Source\ThirdParty\SDL\SDL_assert.h">
      <Filter>ThirdParty\SDL</Filter>
    </ClInclude>
    <ClInclude Include="Source\ThirdParty\SDL\SDL_atomic.h">
      <Filter>ThirdParty\SDL</Filter>
    </ClInclude>
    <ClInclude Include="Source\ThirdParty\SDL\SDL_audio.h">
      <Filter>ThirdParty\SDL</Filter>
    </ClInclude>
    <ClInclude Include="Source\ThirdParty\SDL\SDL_bits.h">
      <Filter>ThirdParty\SDL</Filter>
    </ClInclude>
    <ClInclude Include="Source\ThirdParty\SDL\SDL_blendmode.h">
      <Filter>ThirdParty\SDL</Filter>
    </ClInclude>
    <ClInclude Include="Source\ThirdParty\SDL\SDL_clipboard.h">
      <Filter>ThirdParty\SDL</Filter>
    </ClInclude>
    <ClInclude Include="Source\ThirdParty\SDL\SDL_config.h">
      <Filter>ThirdParty\SDL</Filter>
    </ClInclude>
    <ClInclude Include="Source\ThirdParty\SDL\SDL_config_android.h">
      <Filter>ThirdParty\SDL</Filter>
    </ClInclude>
    <ClInclude Include="Source\ThirdParty\SDL\SDL_config_iphoneos.h">
      <Filter>ThirdParty\SDL</Filter>
    </ClInclude>
    <ClInclude Include="Source\ThirdParty\SDL\SDL_config_macosx.h">
      <Filter>ThirdParty\SDL</Filter>
    </ClInclude>
    <ClInclude Include="Source\ThirdParty\SDL\SDL_config_minimal.h">
      <Filter>ThirdParty\SDL</Filter>
    </ClInclude>
    <ClInclude Include="Source\ThirdParty\SDL\SDL_config_pandora.h">
      <Filter>ThirdParty\SDL</Filter>
    </ClInclude>
    <ClInclude Include="Source\ThirdParty\SDL\SDL_config_psp.h">
      <Filter>ThirdParty\SDL</Filter>
    </ClInclude>
    <ClInclude Include="Source\ThirdParty\SDL\SDL_config_windows.h">
      <Filter>ThirdParty\SDL</Filter>
    </ClInclude>
    <ClInclude Include="Source\ThirdParty\SDL\SDL_config_winrt.h">
      <Filter>ThirdParty\SDL</Filter>
    </ClInclude>
    <ClInclude Include="Source\ThirdParty\SDL\SDL_config_wiz.h">
      <Filter>ThirdParty\SDL</Filter>
    </ClInclude>
    <ClInclude Include="Source\ThirdParty\SDL\SDL_copying.h">
      <Filter>ThirdParty\SDL</Filter>
    </ClInclude>
    <ClInclude Include="Source\ThirdParty\SDL\SDL_cpuinfo.h">
      <Filter>ThirdParty\SDL</Filter>
    </ClInclude>
    <ClInclude Include="Source\ThirdParty\SDL\SDL_egl.h">
      <Filter>ThirdParty\SDL</Filter>
    </ClInclude>
    <ClInclude Include="Source\ThirdParty\SDL\SDL_endian.h">
      <Filter>ThirdParty\SDL</Filter>
    </ClInclude>
    <ClInclude Include="Source\ThirdParty\SDL\SDL_error.h">
      <Filter>ThirdParty\SDL</Filter>
    </ClInclude>
    <ClInclude Include="Source\ThirdParty\SDL\SDL_events.h">
      <Filter>ThirdParty\SDL</Filter>
    </ClInclude>
    <ClInclude Include="Source\ThirdParty\SDL\SDL_filesystem.h">
      <Filter>ThirdParty\SDL</Filter>
    </ClInclude>
    <ClInclude Include="Source\ThirdParty\SDL\SDL_gamecontroller.h">
      <Filter>ThirdParty\SDL</Filter>
    </ClInclude>
    <ClInclude Include="Source\ThirdParty\SDL\SDL_gesture.h">
      <Filter>ThirdParty\SDL</Filter>
    </ClInclude>
    <ClInclude Include="Source\ThirdParty\SDL\SDL_haptic.h">
      <Filter>ThirdParty\SDL</Filter>
    </ClInclude>
    <ClInclude Include="Source\ThirdParty\SDL\SDL_hints.h">
      <Filter>ThirdParty\SDL</Filter>
    </ClInclude>
    <ClInclude Include="Source\ThirdParty\SDL\SDL_image.h">
      <Filter>ThirdParty\SDL</Filter>
    </ClInclude>
    <ClInclude Include="Source\ThirdParty\SDL\SDL_joystick.h">
      <Filter>ThirdParty\SDL</Filter>
    </ClInclude>
    <ClInclude Include="Source\ThirdParty\SDL\SDL_keyboard.h">
      <Filter>ThirdParty\SDL</Filter>
    </ClInclude>
    <ClInclude Include="Source\ThirdParty\SDL\SDL_keycode.h">
      <Filter>ThirdParty\SDL</Filter>
    </ClInclude>
    <ClInclude Include="Source\ThirdParty\SDL\SDL_loadso.h">
      <Filter>ThirdParty\SDL</Filter>
    </ClInclude>
    <ClInclude Include="Source\ThirdParty\SDL\SDL_log.h">
      <Filter>ThirdParty\SDL</Filter>
    </ClInclude>
    <ClInclude Include="Source\ThirdParty\SDL\SDL_main.h">
      <Filter>ThirdParty\SDL</Filter>
    </ClInclude>
    <ClInclude Include="Source\ThirdParty\SDL\SDL_messagebox.h">
      <Filter>ThirdParty\SDL</Filter>
    </ClInclude>
    <ClInclude Include="Source\ThirdParty\SDL\SDL_metal.h">
      <Filter>ThirdParty\SDL</Filter>
    </ClInclude>
    <ClInclude Include="Source\ThirdParty\SDL\SDL_mixer.h">
      <Filter>ThirdParty\SDL</Filter>
    </ClInclude>
    <ClInclude Include="Source\ThirdParty\SDL\SDL_mouse.h">
      <Filter>ThirdParty\SDL</Filter>
    </ClInclude>
    <ClInclude Include="Source\ThirdParty\SDL\SDL_mutex.h">
      <Filter>ThirdParty\SDL</Filter>
    </ClInclude>
    <ClInclude Include="Source\ThirdParty\SDL\SDL_name.h">
      <Filter>ThirdParty\SDL</Filter>
    </ClInclude>
    <ClInclude Include="Source\ThirdParty\SDL\SDL_opengl.h">
      <Filter>ThirdParty\SDL</Filter>
    </ClInclude>
    <ClInclude Include="Source\ThirdParty\SDL\SDL_opengles.h">
      <Filter>ThirdParty\SDL</Filter>
    </ClInclude>
    <ClInclude Include="Source\ThirdParty\SDL\SDL_opengles2.h">
      <Filter>ThirdParty\SDL</Filter>
    </ClInclude>
    <ClInclude Include="Source\ThirdParty\SDL\SDL_opengles2_gl2.h">
      <Filter>ThirdParty\SDL</Filter>
    </ClInclude>
    <ClInclude Include="Source\ThirdParty\SDL\SDL_opengles2_gl2ext.h">
      <Filter>ThirdParty\SDL</Filter>
    </ClInclude>
    <ClInclude Include="Source\ThirdParty\SDL\SDL_opengles2_gl2platform.h">
      <Filter>ThirdParty\SDL</Filter>
    </ClInclude>
    <ClInclude Include="Source\ThirdParty\SDL\SDL_opengles2_khrplatform.h">
      <Filter>ThirdParty\SDL</Filter>
    </ClInclude>
    <ClInclude Include="Source\ThirdParty\SDL\SDL_opengl_glext.h">
      <Filter>ThirdParty\SDL</Filter>
    </ClInclude>
    <ClInclude Include="Source\ThirdParty\SDL\SDL_pixels.h">
      <Filter>ThirdParty\SDL</Filter>
    </ClInclude>
    <ClInclude Include="Source\ThirdParty\SDL\SDL_platform.h">
      <Filter>ThirdParty\SDL</Filter>
    </ClInclude>
    <ClInclude Include="Source\ThirdParty\SDL\SDL_power.h">
      <Filter>ThirdParty\SDL</Filter>
    </ClInclude>
    <ClInclude Include="Source\ThirdParty\SDL\SDL_quit.h">
      <Filter>ThirdParty\SDL</Filter>
    </ClInclude>
    <ClInclude Include="Source\ThirdParty\SDL\SDL_rect.h">
      <Filter>ThirdParty\SDL</Filter>
    </ClInclude>
    <ClInclude Include="Source\ThirdParty\SDL\SDL_render.h">
      <Filter>ThirdParty\SDL</Filter>
    </ClInclude>
    <ClInclude Include="Source\ThirdParty\SDL\SDL_revision.h">
      <Filter>ThirdParty\SDL</Filter>
    </ClInclude>
    <ClInclude Include="Source\ThirdParty\SDL\SDL_rwops.h">
      <Filter>ThirdParty\SDL</Filter>
    </ClInclude>
    <ClInclude Include="Source\ThirdParty\SDL\SDL_scancode.h">
      <Filter>ThirdParty\SDL</Filter>
    </ClInclude>
    <ClInclude Include="Source\ThirdParty\SDL\SDL_sensor.h">
      <Filter>ThirdParty\SDL</Filter>
    </ClInclude>
    <ClInclude Include="Source\ThirdParty\SDL\SDL_shape.h">
      <Filter>ThirdParty\SDL</Filter>
    </ClInclude>
    <ClInclude Include="Source\ThirdParty\SDL\SDL_stdinc.h">
      <Filter>ThirdParty\SDL</Filter>
    </ClInclude>
    <ClInclude Include="Source\ThirdParty\SDL\SDL_surface.h">
      <Filter>ThirdParty\SDL</Filter>
    </ClInclude>
    <ClInclude Include="Source\ThirdParty\SDL\SDL_system.h">
      <Filter>ThirdParty\SDL</Filter>
    </ClInclude>
    <ClInclude Include="Source\ThirdParty\SDL\SDL_syswm.h">
      <Filter>ThirdParty\SDL</Filter>
    </ClInclude>
    <ClInclude Include="Source\ThirdParty\SDL\SDL_test.h">
      <Filter>ThirdParty\SDL</Filter>
    </ClInclude>
    <ClInclude Include="Source\ThirdParty\SDL\SDL_test_assert.h">
      <Filter>ThirdParty\SDL</Filter>
    </ClInclude>
    <ClInclude Include="Source\ThirdParty\SDL\SDL_test_common.h">
      <Filter>ThirdParty\SDL</Filter>
    </ClInclude>
    <ClInclude Include="Source\ThirdParty\SDL\SDL_test_compare.h">
      <Filter>ThirdParty\SDL</Filter>
    </ClInclude>
    <ClInclude Include="Source\ThirdParty\SDL\SDL_test_crc32.h">
      <Filter>ThirdParty\SDL</Filter>
    </ClInclude>
    <ClInclude Include="Source\ThirdParty\SDL\SDL_test_font.h">
      <Filter>ThirdParty\SDL</Filter>
    </ClInclude>
    <ClInclude Include="Source\ThirdParty\SDL\SDL_test_fuzzer.h">
      <Filter>ThirdParty\SDL</Filter>
    </ClInclude>
    <ClInclude Include="Source\ThirdParty\SDL\SDL_test_harness.h">
      <Filter>ThirdParty\SDL</Filter>
    </ClInclude>
    <ClInclude Include="Source\ThirdParty\SDL\SDL_test_images.h">
      <Filter>ThirdParty\SDL</Filter>
    </ClInclude>
    <ClInclude Include="Source\ThirdParty\SDL\SDL_test_log.h">
      <Filter>ThirdParty\SDL</Filter>
    </ClInclude>
    <ClInclude Include="Source\ThirdParty\SDL\SDL_test_md5.h">
      <Filter>ThirdParty\SDL</Filter>
    </ClInclude>
    <ClInclude Include="Source\ThirdParty\SDL\SDL_test_memory.h">
      <Filter>ThirdParty\SDL</Filter>
    </ClInclude>
    <ClInclude Include="Source\ThirdParty\SDL\SDL_test_random.h">
      <Filter>ThirdParty\SDL</Filter>
    </ClInclude>
    <ClInclude Include="Source\ThirdParty\SDL\SDL_thread.h">
      <Filter>ThirdParty\SDL</Filter>
    </ClInclude>
    <ClInclude Include="Source\ThirdParty\SDL\SDL_timer.h">
      <Filter>ThirdParty\SDL</Filter>
    </ClInclude>
    <ClInclude Include="Source\ThirdParty\SDL\SDL_touch.h">
      <Filter>ThirdParty\SDL</Filter>
    </ClInclude>
    <ClInclude Include="Source\ThirdParty\SDL\SDL_ttf.h">
      <Filter>ThirdParty\SDL</Filter>
    </ClInclude>
    <ClInclude Include="Source\ThirdParty\SDL\SDL_types.h">
      <Filter>ThirdParty\SDL</Filter>
    </ClInclude>
    <ClInclude Include="Source\ThirdParty\SDL\SDL_version.h">
      <Filter>ThirdParty\SDL</Filter>
    </ClInclude>
    <ClInclude Include="Source\ThirdParty\SDL\SDL_video.h">
      <Filter>ThirdParty\SDL</Filter>
    </ClInclude>
    <ClInclude Include="Source\ThirdParty\SDL\SDL_vulkan.h">
      <Filter>ThirdParty\SDL</Filter>
    </ClInclude>
  </ItemGroup>
  <ItemGroup>
    <ClCompile Include="Source\Private\Assets\AssetsManager.cpp">
      <Filter>Private\Assets</Filter>
    </ClCompile>
    <ClCompile Include="Source\Private\Assets\Font.cpp">
      <Filter>Private\Assets</Filter>
    </ClCompile>
    <ClCompile Include="Source\Private\Assets\Texture.cpp">
      <Filter>Private\Assets</Filter>
    </ClCompile>
    <ClCompile Include="Source\Private\Containers\Array.cpp">
      <Filter>Private\Containers</Filter>
    </ClCompile>
    <ClCompile Include="Source\Private\Containers\ContainerBase.cpp">
      <Filter>Private\Containers</Filter>
    </ClCompile>
    <ClCompile Include="Source\Private\Containers\Map.cpp">
      <Filter>Private\Containers</Filter>
    </ClCompile>
    <ClCompile Include="Source\Private\Containers\Queue.cpp">
      <Filter>Private\Containers</Filter>
    </ClCompile>
    <ClCompile Include="Source\Private\Containers\QueueSafe.cpp">
      <Filter>Private\Containers</Filter>
    </ClCompile>
    <ClCompile Include="Source\Private\Core\CoreEngine.cpp">
      <Filter>Private\Core</Filter>
    </ClCompile>
    <ClCompile Include="Source\Private\Core\CoreMinimal.cpp">
      <Filter>Private\Core</Filter>
    </ClCompile>
    <ClCompile Include="Source\Private\Core\Engine.cpp">
      <Filter>Private\Core</Filter>
    </ClCompile>
    <ClCompile Include="Source\Private\Core\EngineMain.cpp">
      <Filter>Private\Core</Filter>
    </ClCompile>
    <ClCompile Include="Source\Private\Core\EngineRender.cpp">
      <Filter>Private\Core</Filter>
    </ClCompile>
    <ClCompile Include="Source\Private\Core\Input\EventHandler.cpp">
      <Filter>Private\Core\Input</Filter>
    </ClCompile>
    <ClCompile Include="Source\Private\Core\Object.cpp">
      <Filter>Private\Core</Filter>
    </ClCompile>
    <ClCompile Include="Source\Private\Misc\FileSystem.cpp">
      <Filter>Private\Misc</Filter>
    </ClCompile>
    <ClCompile Include="Source\Private\Misc\Math.cpp">
      <Filter>Private\Misc</Filter>
    </ClCompile>
    <ClCompile Include="Source\Private\Misc\Util.cpp">
      <Filter>Private\Misc</Filter>
    </ClCompile>
    <ClCompile Include="Source\Private\Renderer\Renderer.cpp">
      <Filter>Private\Renderer</Filter>
    </ClCompile>
    <ClCompile Include="Source\Private\Renderer\Widgets\Samples\MouseSparkWidget.cpp">
      <Filter>Private\Renderer\Widgets\Samples</Filter>
    </ClCompile>
    <ClCompile Include="Source\Private\Renderer\Widgets\Widget.cpp">
      <Filter>Private\Renderer\Widgets</Filter>
    </ClCompile>
    <ClCompile Include="Source\Private\Renderer\Widgets\WidgetInteraction.cpp">
      <Filter>Private\Renderer\Widgets</Filter>
    </ClCompile>
    <ClCompile Include="Source\Private\Renderer\Widgets\WidgetManager.cpp">
      <Filter>Private\Renderer\Widgets</Filter>
    </ClCompile>
    <ClCompile Include="Source\Private\Renderer\Window.cpp">
      <Filter>Private\Renderer</Filter>
    </ClCompile>
    <ClCompile Include="Source\Private\Renderer\WindowAdvanced.cpp">
      <Filter>Private\Renderer</Filter>
    </ClCompile>
    <ClCompile Include="Source\Private\Types\ColorRGBA.cpp">
      <Filter>Private\Types</Filter>
    </ClCompile>
    <ClCompile Include="Source\Private\Types\Vector2D.cpp">
      <Filter>Private\Types</Filter>
    </ClCompile>
  </ItemGroup>
  <ItemGroup>
    <None Include="cpp.hint" /> 
  </ItemGroup> 
</Project> 
